
Microsoft Visual Studio Solution File, Format Version 12.00
# Visual Studio Version 17
VisualStudioVersion = 17.9.34723.18
MinimumVisualStudioVersion = 10.0.40219.1
Project("{FAE04EC0-301F-11D3-BF4B-00C04F79EFBC}") = "ReactWithASP.Server", "ReactWithASP.Server\ReactWithASP.Server.csproj", "{3A4EDE07-369D-47B9-88B8-DA8700CD0F53}"
EndProject
Project("{54A90642-561A-4BB1-A94E-469ADEE60C69}") = "reactwithasp.client", "reactwithasp.client\reactwithasp.client.esproj", "{6620594C-0A9D-4926-A2DC-2E471A77A378}"
EndProject
Global
	GlobalSection(SolutionConfigurationPlatforms) = preSolution
		Debug|Any CPU = Debug|Any CPU
		Release|Any CPU = Release|Any CPU
	EndGlobalSection
	GlobalSection(ProjectConfigurationPlatforms) = postSolution
		{3A4EDE07-369D-47B9-88B8-DA8700CD0F53}.Debug|Any CPU.ActiveCfg = Debug|Any CPU
		{3A4EDE07-369D-47B9-88B8-DA8700CD0F53}.Debug|Any CPU.Build.0 = Debug|Any CPU
		{3A4EDE07-369D-47B9-88B8-DA8700CD0F53}.Release|Any CPU.ActiveCfg = Release|Any CPU
		{3A4EDE07-369D-47B9-88B8-DA8700CD0F53}.Release|Any CPU.Build.0 = Release|Any CPU
		{6620594C-0A9D-4926-A2DC-2E471A77A378}.Debug|Any CPU.ActiveCfg = Debug|Any CPU
		{6620594C-0A9D-4926-A2DC-2E471A77A378}.Debug|Any CPU.Build.0 = Debug|Any CPU
		{6620594C-0A9D-4926-A2DC-2E471A77A378}.Debug|Any CPU.Deploy.0 = Debug|Any CPU
		{6620594C-0A9D-4926-A2DC-2E471A77A378}.Release|Any CPU.ActiveCfg = Release|Any CPU
		{6620594C-0A9D-4926-A2DC-2E471A77A378}.Release|Any CPU.Build.0 = Release|Any CPU
		{6620594C-0A9D-4926-A2DC-2E471A77A378}.Release|Any CPU.Deploy.0 = Release|Any CPU
	EndGlobalSection
	GlobalSection(SolutionProperties) = preSolution
		HideSolutionNode = FALSE
	EndGlobalSection
	GlobalSection(ExtensibilityGlobals) = postSolution
		SolutionGuid = {4CC646EF-3538-4B22-B622-9BBC4577F584}
	EndGlobalSection
EndGlobal
